// !$*UTF8*$!
{
	archiveVersion = 1;
	classes = {
	};
	objectVersion = 56;
	objects = {

/* Begin PBXBuildFile section */
		1003FE4E2A2740AB0080F84B /* Image.swift in Sources */ = {isa = PBXBuildFile; fileRef = 1003FE4D2A2740AB0080F84B /* Image.swift */; };
		1003FE502A274A1F0080F84B /* RoundedViews.swift in Sources */ = {isa = PBXBuildFile; fileRef = 1003FE4F2A274A1F0080F84B /* RoundedViews.swift */; };
		10439D0B2A38792E004C3C23 /* PointsView.swift in Sources */ = {isa = PBXBuildFile; fileRef = 10439D0A2A38792E004C3C23 /* PointsView.swift */; };
		1044FD2929E869DB00A34D0A /* BullseyeApp.swift in Sources */ = {isa = PBXBuildFile; fileRef = 1044FD2829E869DB00A34D0A /* BullseyeApp.swift */; };
		1044FD2B29E869DB00A34D0A /* GameView.swift in Sources */ = {isa = PBXBuildFile; fileRef = 1044FD2A29E869DB00A34D0A /* GameView.swift */; };
		1044FD2D29E869DC00A34D0A /* Assets.xcassets in Resources */ = {isa = PBXBuildFile; fileRef = 1044FD2C29E869DC00A34D0A /* Assets.xcassets */; };
		1044FD3029E869DC00A34D0A /* Preview Assets.xcassets in Resources */ = {isa = PBXBuildFile; fileRef = 1044FD2F29E869DC00A34D0A /* Preview Assets.xcassets */; };
		1044FD3A29E869DC00A34D0A /* BullseyeTests.swift in Sources */ = {isa = PBXBuildFile; fileRef = 1044FD3929E869DC00A34D0A /* BullseyeTests.swift */; };
		1044FD4429E869DC00A34D0A /* BullseyeUITests.swift in Sources */ = {isa = PBXBuildFile; fileRef = 1044FD4329E869DC00A34D0A /* BullseyeUITests.swift */; };
		1044FD4629E869DC00A34D0A /* BullseyeUITestsLaunchTests.swift in Sources */ = {isa = PBXBuildFile; fileRef = 1044FD4529E869DC00A34D0A /* BullseyeUITestsLaunchTests.swift */; };
		1044FD5629E8848000A34D0A /* Game.swift in Sources */ = {isa = PBXBuildFile; fileRef = 1044FD5529E8848000A34D0A /* Game.swift */; };
		10C43D362A270F33000154FA /* Color.swift in Sources */ = {isa = PBXBuildFile; fileRef = 10C43D352A270F33000154FA /* Color.swift */; };
		10C43D382A2712BC000154FA /* TextViews.swift in Sources */ = {isa = PBXBuildFile; fileRef = 10C43D372A2712BC000154FA /* TextViews.swift */; };
		10C43D3A2A271344000154FA /* String.swift in Sources */ = {isa = PBXBuildFile; fileRef = 10C43D392A271344000154FA /* String.swift */; };
		10C43D3C2A271592000154FA /* SliderView.swift in Sources */ = {isa = PBXBuildFile; fileRef = 10C43D3B2A271592000154FA /* SliderView.swift */; };
		10C43D3E2A2717F7000154FA /* ButtonViews.swift in Sources */ = {isa = PBXBuildFile; fileRef = 10C43D3D2A2717F7000154FA /* ButtonViews.swift */; };
/* End PBXBuildFile section */

/* Begin PBXContainerItemProxy section */
		1044FD3629E869DC00A34D0A /* PBXContainerItemProxy */ = {
			isa = PBXContainerItemProxy;
			containerPortal = 1044FD1D29E869DB00A34D0A /* Project object */;
			proxyType = 1;
			remoteGlobalIDString = 1044FD2429E869DB00A34D0A;
			remoteInfo = Bullseye;
		};
		1044FD4029E869DC00A34D0A /* PBXContainerItemProxy */ = {
			isa = PBXContainerItemProxy;
			containerPortal = 1044FD1D29E869DB00A34D0A /* Project object */;
			proxyType = 1;
			remoteGlobalIDString = 1044FD2429E869DB00A34D0A;
			remoteInfo = Bullseye;
		};
/* End PBXContainerItemProxy section */

/* Begin PBXFileReference section */
		1003FE4D2A2740AB0080F84B /* Image.swift */ = {isa = PBXFileReference; lastKnownFileType = sourcecode.swift; path = Image.swift; sourceTree = "<group>"; };
		1003FE4F2A274A1F0080F84B /* RoundedViews.swift */ = {isa = PBXFileReference; lastKnownFileType = sourcecode.swift; path = RoundedViews.swift; sourceTree = "<group>"; };
		10439D0A2A38792E004C3C23 /* PointsView.swift */ = {isa = PBXFileReference; lastKnownFileType = sourcecode.swift; path = PointsView.swift; sourceTree = "<group>"; };
		1044FD2529E869DB00A34D0A /* Bullseye.app */ = {isa = PBXFileReference; explicitFileType = wrapper.application; includeInIndex = 0; path = Bullseye.app; sourceTree = BUILT_PRODUCTS_DIR; };
		1044FD2829E869DB00A34D0A /* BullseyeApp.swift */ = {isa = PBXFileReference; lastKnownFileType = sourcecode.swift; path = BullseyeApp.swift; sourceTree = "<group>"; };
		1044FD2A29E869DB00A34D0A /* GameView.swift */ = {isa = PBXFileReference; lastKnownFileType = sourcecode.swift; path = GameView.swift; sourceTree = "<group>"; };
		1044FD2C29E869DC00A34D0A /* Assets.xcassets */ = {isa = PBXFileReference; lastKnownFileType = folder.assetcatalog; path = Assets.xcassets; sourceTree = "<group>"; };
		1044FD2F29E869DC00A34D0A /* Preview Assets.xcassets */ = {isa = PBXFileReference; lastKnownFileType = folder.assetcatalog; path = "Preview Assets.xcassets"; sourceTree = "<group>"; };
		1044FD3529E869DC00A34D0A /* BullseyeTests.xctest */ = {isa = PBXFileReference; explicitFileType = wrapper.cfbundle; includeInIndex = 0; path = BullseyeTests.xctest; sourceTree = BUILT_PRODUCTS_DIR; };
		1044FD3929E869DC00A34D0A /* BullseyeTests.swift */ = {isa = PBXFileReference; lastKnownFileType = sourcecode.swift; path = BullseyeTests.swift; sourceTree = "<group>"; };
		1044FD3F29E869DC00A34D0A /* BullseyeUITests.xctest */ = {isa = PBXFileReference; explicitFileType = wrapper.cfbundle; includeInIndex = 0; path = BullseyeUITests.xctest; sourceTree = BUILT_PRODUCTS_DIR; };
		1044FD4329E869DC00A34D0A /* BullseyeUITests.swift */ = {isa = PBXFileReference; lastKnownFileType = sourcecode.swift; path = BullseyeUITests.swift; sourceTree = "<group>"; };
		1044FD4529E869DC00A34D0A /* BullseyeUITestsLaunchTests.swift */ = {isa = PBXFileReference; lastKnownFileType = sourcecode.swift; path = BullseyeUITestsLaunchTests.swift; sourceTree = "<group>"; };
		1044FD5529E8848000A34D0A /* Game.swift */ = {isa = PBXFileReference; lastKnownFileType = sourcecode.swift; path = Game.swift; sourceTree = "<group>"; };
		10C43D352A270F33000154FA /* Color.swift */ = {isa = PBXFileReference; lastKnownFileType = sourcecode.swift; path = Color.swift; sourceTree = "<group>"; };
		10C43D372A2712BC000154FA /* TextViews.swift */ = {isa = PBXFileReference; lastKnownFileType = sourcecode.swift; path = TextViews.swift; sourceTree = "<group>"; };
		10C43D392A271344000154FA /* String.swift */ = {isa = PBXFileReference; lastKnownFileType = sourcecode.swift; path = String.swift; sourceTree = "<group>"; };
		10C43D3B2A271592000154FA /* SliderView.swift */ = {isa = PBXFileReference; lastKnownFileType = sourcecode.swift; path = SliderView.swift; sourceTree = "<group>"; };
		10C43D3D2A2717F7000154FA /* ButtonViews.swift */ = {isa = PBXFileReference; lastKnownFileType = sourcecode.swift; path = ButtonViews.swift; sourceTree = "<group>"; };
/* End PBXFileReference section */

/* Begin PBXFrameworksBuildPhase section */
		1044FD2229E869DB00A34D0A /* Frameworks */ = {
			isa = PBXFrameworksBuildPhase;
			buildActionMask = 2147483647;
			files = (
			);
			runOnlyForDeploymentPostprocessing = 0;
		};
		1044FD3229E869DC00A34D0A /* Frameworks */ = {
			isa = PBXFrameworksBuildPhase;
			buildActionMask = 2147483647;
			files = (
			);
			runOnlyForDeploymentPostprocessing = 0;
		};
		1044FD3C29E869DC00A34D0A /* Frameworks */ = {
			isa = PBXFrameworksBuildPhase;
			buildActionMask = 2147483647;
			files = (
			);
			runOnlyForDeploymentPostprocessing = 0;
		};
/* End PBXFrameworksBuildPhase section */

/* Begin PBXGroup section */
		1044FD1C29E869DB00A34D0A = {
			isa = PBXGroup;
			children = (
				1044FD2729E869DB00A34D0A /* Bullseye */,
				1044FD3829E869DC00A34D0A /* BullseyeTests */,
				1044FD4229E869DC00A34D0A /* BullseyeUITests */,
				1044FD2629E869DB00A34D0A /* Products */,
			);
			sourceTree = "<group>";
		};
		1044FD2629E869DB00A34D0A /* Products */ = {
			isa = PBXGroup;
			children = (
				1044FD2529E869DB00A34D0A /* Bullseye.app */,
				1044FD3529E869DC00A34D0A /* BullseyeTests.xctest */,
				1044FD3F29E869DC00A34D0A /* BullseyeUITests.xctest */,
			);
			name = Products;
			sourceTree = "<group>";
		};
		1044FD2729E869DB00A34D0A /* Bullseye */ = {
			isa = PBXGroup;
			children = (
				1044FD5429E8846A00A34D0A /* App */,
				1044FD5329E8845D00A34D0A /* Models */,
				1044FD5229E8845600A34D0A /* Views */,
				10C43D322A270F00000154FA /* Helpers */,
				1044FD2E29E869DC00A34D0A /* Preview Content */,
			);
			path = Bullseye;
			sourceTree = "<group>";
		};
		1044FD2E29E869DC00A34D0A /* Preview Content */ = {
			isa = PBXGroup;
			children = (
				1044FD2F29E869DC00A34D0A /* Preview Assets.xcassets */,
			);
			path = "Preview Content";
			sourceTree = "<group>";
		};
		1044FD3829E869DC00A34D0A /* BullseyeTests */ = {
			isa = PBXGroup;
			children = (
				1044FD3929E869DC00A34D0A /* BullseyeTests.swift */,
			);
			path = BullseyeTests;
			sourceTree = "<group>";
		};
		1044FD4229E869DC00A34D0A /* BullseyeUITests */ = {
			isa = PBXGroup;
			children = (
				1044FD4329E869DC00A34D0A /* BullseyeUITests.swift */,
				1044FD4529E869DC00A34D0A /* BullseyeUITestsLaunchTests.swift */,
			);
			path = BullseyeUITests;
			sourceTree = "<group>";
		};
		1044FD5229E8845600A34D0A /* Views */ = {
			isa = PBXGroup;
			children = (
				1044FD2A29E869DB00A34D0A /* GameView.swift */,
				10C43D372A2712BC000154FA /* TextViews.swift */,
				10C43D3B2A271592000154FA /* SliderView.swift */,
				10C43D3D2A2717F7000154FA /* ButtonViews.swift */,
				1003FE4F2A274A1F0080F84B /* RoundedViews.swift */,
				10439D0A2A38792E004C3C23 /* PointsView.swift */,
			);
			path = Views;
			sourceTree = "<group>";
		};
		1044FD5329E8845D00A34D0A /* Models */ = {
			isa = PBXGroup;
			children = (
				1044FD5529E8848000A34D0A /* Game.swift */,
			);
			path = Models;
			sourceTree = "<group>";
		};
		1044FD5429E8846A00A34D0A /* App */ = {
			isa = PBXGroup;
			children = (
				1044FD2829E869DB00A34D0A /* BullseyeApp.swift */,
				1044FD2C29E869DC00A34D0A /* Assets.xcassets */,
			);
			path = App;
			sourceTree = "<group>";
		};
		10C43D322A270F00000154FA /* Helpers */ = {
			isa = PBXGroup;
			children = (
				10C43D352A270F33000154FA /* Color.swift */,
				10C43D392A271344000154FA /* String.swift */,
				1003FE4D2A2740AB0080F84B /* Image.swift */,
			);
			path = Helpers;
			sourceTree = "<group>";
		};
/* End PBXGroup section */

/* Begin PBXNativeTarget section */
		1044FD2429E869DB00A34D0A /* Bullseye */ = {
			isa = PBXNativeTarget;
			buildConfigurationList = 1044FD4929E869DC00A34D0A /* Build configuration list for PBXNativeTarget "Bullseye" */;
			buildPhases = (
				1044FD2129E869DB00A34D0A /* Sources */,
				1044FD2229E869DB00A34D0A /* Frameworks */,
				1044FD2329E869DB00A34D0A /* Resources */,
			);
			buildRules = (
			);
			dependencies = (
			);
			name = Bullseye;
			productName = Bullseye;
			productReference = 1044FD2529E869DB00A34D0A /* Bullseye.app */;
			productType = "com.apple.product-type.application";
		};
		1044FD3429E869DC00A34D0A /* BullseyeTests */ = {
			isa = PBXNativeTarget;
			buildConfigurationList = 1044FD4C29E869DC00A34D0A /* Build configuration list for PBXNativeTarget "BullseyeTests" */;
			buildPhases = (
				1044FD3129E869DC00A34D0A /* Sources */,
				1044FD3229E869DC00A34D0A /* Frameworks */,
				1044FD3329E869DC00A34D0A /* Resources */,
			);
			buildRules = (
			);
			dependencies = (
				1044FD3729E869DC00A34D0A /* PBXTargetDependency */,
			);
			name = BullseyeTests;
			productName = BullseyeTests;
			productReference = 1044FD3529E869DC00A34D0A /* BullseyeTests.xctest */;
			productType = "com.apple.product-type.bundle.unit-test";
		};
		1044FD3E29E869DC00A34D0A /* BullseyeUITests */ = {
			isa = PBXNativeTarget;
			buildConfigurationList = 1044FD4F29E869DC00A34D0A /* Build configuration list for PBXNativeTarget "BullseyeUITests" */;
			buildPhases = (
				1044FD3B29E869DC00A34D0A /* Sources */,
				1044FD3C29E869DC00A34D0A /* Frameworks */,
				1044FD3D29E869DC00A34D0A /* Resources */,
			);
			buildRules = (
			);
			dependencies = (
				1044FD4129E869DC00A34D0A /* PBXTargetDependency */,
			);
			name = BullseyeUITests;
			productName = BullseyeUITests;
			productReference = 1044FD3F29E869DC00A34D0A /* BullseyeUITests.xctest */;
			productType = "com.apple.product-type.bundle.ui-testing";
		};
/* End PBXNativeTarget section */

/* Begin PBXProject section */
		1044FD1D29E869DB00A34D0A /* Project object */ = {
			isa = PBXProject;
			attributes = {
				BuildIndependentTargetsInParallel = 1;
				LastSwiftUpdateCheck = 1430;
				LastUpgradeCheck = 1430;
				TargetAttributes = {
					1044FD2429E869DB00A34D0A = {
						CreatedOnToolsVersion = 14.3;
					};
					1044FD3429E869DC00A34D0A = {
						CreatedOnToolsVersion = 14.3;
						TestTargetID = 1044FD2429E869DB00A34D0A;
					};
					1044FD3E29E869DC00A34D0A = {
						CreatedOnToolsVersion = 14.3;
						TestTargetID = 1044FD2429E869DB00A34D0A;
					};
				};
			};
			buildConfigurationList = 1044FD2029E869DB00A34D0A /* Build configuration list for PBXProject "Bullseye" */;
			compatibilityVersion = "Xcode 14.0";
			developmentRegion = en;
			hasScannedForEncodings = 0;
			knownRegions = (
				en,
				Base,
			);
			mainGroup = 1044FD1C29E869DB00A34D0A;
			productRefGroup = 1044FD2629E869DB00A34D0A /* Products */;
			projectDirPath = "";
			projectRoot = "";
			targets = (
				1044FD2429E869DB00A34D0A /* Bullseye */,
				1044FD3429E869DC00A34D0A /* BullseyeTests */,
				1044FD3E29E869DC00A34D0A /* BullseyeUITests */,
			);
		};
/* End PBXProject section */

/* Begin PBXResourcesBuildPhase section */
		1044FD2329E869DB00A34D0A /* Resources */ = {
			isa = PBXResourcesBuildPhase;
			buildActionMask = 2147483647;
			files = (
				1044FD3029E869DC00A34D0A /* Preview Assets.xcassets in Resources */,
				1044FD2D29E869DC00A34D0A /* Assets.xcassets in Resources */,
			);
			runOnlyForDeploymentPostprocessing = 0;
		};
		1044FD3329E869DC00A34D0A /* Resources */ = {
			isa = PBXResourcesBuildPhase;
			buildActionMask = 2147483647;
			files = (
			);
			runOnlyForDeploymentPostprocessing = 0;
		};
		1044FD3D29E869DC00A34D0A /* Resources */ = {
			isa = PBXResourcesBuildPhase;
			buildActionMask = 2147483647;
			files = (
			);
			runOnlyForDeploymentPostprocessing = 0;
		};
/* End PBXResourcesBuildPhase section */

/* Begin PBXSourcesBuildPhase section */
		1044FD2129E869DB00A34D0A /* Sources */ = {
			isa = PBXSourcesBuildPhase;
			buildActionMask = 2147483647;
			files = (
				10C43D3A2A271344000154FA /* String.swift in Sources */,
				1003FE4E2A2740AB0080F84B /* Image.swift in Sources */,
				1003FE502A274A1F0080F84B /* RoundedViews.swift in Sources */,
				10439D0B2A38792E004C3C23 /* PointsView.swift in Sources */,
				1044FD2B29E869DB00A34D0A /* GameView.swift in Sources */,
				10C43D362A270F33000154FA /* Color.swift in Sources */,
				1044FD5629E8848000A34D0A /* Game.swift in Sources */,
				10C43D382A2712BC000154FA /* TextViews.swift in Sources */,
				1044FD2929E869DB00A34D0A /* BullseyeApp.swift in Sources */,
				10C43D3E2A2717F7000154FA /* ButtonViews.swift in Sources */,
				10C43D3C2A271592000154FA /* SliderView.swift in Sources */,
			);
			runOnlyForDeploymentPostprocessing = 0;
		};
		1044FD3129E869DC00A34D0A /* Sources */ = {
			isa = PBXSourcesBuildPhase;
			buildActionMask = 2147483647;
			files = (
				1044FD3A29E869DC00A34D0A /* BullseyeTests.swift in Sources */,
			);
			runOnlyForDeploymentPostprocessing = 0;
		};
		1044FD3B29E869DC00A34D0A /* Sources */ = {
			isa = PBXSourcesBuildPhase;
			buildActionMask = 2147483647;
			files = (
				1044FD4629E869DC00A34D0A /* BullseyeUITestsLaunchTests.swift in Sources */,
				1044FD4429E869DC00A34D0A /* BullseyeUITests.swift in Sources */,
			);
			runOnlyForDeploymentPostprocessing = 0;
		};
/* End PBXSourcesBuildPhase section */

/* Begin PBXTargetDependency section */
		1044FD3729E869DC00A34D0A /* PBXTargetDependency */ = {
			isa = PBXTargetDependency;
			target = 1044FD2429E869DB00A34D0A /* Bullseye */;
			targetProxy = 1044FD3629E869DC00A34D0A /* PBXContainerItemProxy */;
		};
		1044FD4129E869DC00A34D0A /* PBXTargetDependency */ = {
			isa = PBXTargetDependency;
			target = 1044FD2429E869DB00A34D0A /* Bullseye */;
			targetProxy = 1044FD4029E869DC00A34D0A /* PBXContainerItemProxy */;
		};
/* End PBXTargetDependency section */

/* Begin XCBuildConfiguration section */
		1044FD4729E869DC00A34D0A /* Debug */ = {
			isa = XCBuildConfiguration;
			buildSettings = {
				ALWAYS_SEARCH_USER_PATHS = NO;
				CLANG_ANALYZER_NONNULL = YES;
				CLANG_ANALYZER_NUMBER_OBJECT_CONVERSION = YES_AGGRESSIVE;
				CLANG_CXX_LANGUAGE_STANDARD = "gnu++20";
				CLANG_ENABLE_MODULES = YES;
				CLANG_ENABLE_OBJC_ARC = YES;
				CLANG_ENABLE_OBJC_WEAK = YES;
				CLANG_WARN_BLOCK_CAPTURE_AUTORELEASING = YES;
				CLANG_WARN_BOOL_CONVERSION = YES;
				CLANG_WARN_COMMA = YES;
				CLANG_WARN_CONSTANT_CONVERSION = YES;
				CLANG_WARN_DEPRECATED_OBJC_IMPLEMENTATIONS = YES;
				CLANG_WARN_DIRECT_OBJC_ISA_USAGE = YES_ERROR;
				CLANG_WARN_DOCUMENTATION_COMMENTS = YES;
				CLANG_WARN_EMPTY_BODY = YES;
				CLANG_WARN_ENUM_CONVERSION = YES;
				CLANG_WARN_INFINITE_RECURSION = YES;
				CLANG_WARN_INT_CONVERSION = YES;
				CLANG_WARN_NON_LITERAL_NULL_CONVERSION = YES;
				CLANG_WARN_OBJC_IMPLICIT_RETAIN_SELF = YES;
				CLANG_WARN_OBJC_LITERAL_CONVERSION = YES;
				CLANG_WARN_OBJC_ROOT_CLASS = YES_ERROR;
				CLANG_WARN_QUOTED_INCLUDE_IN_FRAMEWORK_HEADER = YES;
				CLANG_WARN_RANGE_LOOP_ANALYSIS = YES;
				CLANG_WARN_STRICT_PROTOTYPES = YES;
				CLANG_WARN_SUSPICIOUS_MOVE = YES;
				CLANG_WARN_UNGUARDED_AVAILABILITY = YES_AGGRESSIVE;
				CLANG_WARN_UNREACHABLE_CODE = YES;
				CLANG_WARN__DUPLICATE_METHOD_MATCH = YES;
				COPY_PHASE_STRIP = NO;
				DEBUG_INFORMATION_FORMAT = dwarf;
				ENABLE_STRICT_OBJC_MSGSEND = YES;
				ENABLE_TESTABILITY = YES;
				GCC_C_LANGUAGE_STANDARD = gnu11;
				GCC_DYNAMIC_NO_PIC = NO;
				GCC_NO_COMMON_BLOCKS = YES;
				GCC_OPTIMIZATION_LEVEL = 0;
				GCC_PREPROCESSOR_DEFINITIONS = (
					"DEBUG=1",
					"$(inherited)",
				);
				GCC_WARN_64_TO_32_BIT_CONVERSION = YES;
				GCC_WARN_ABOUT_RETURN_TYPE = YES_ERROR;
				GCC_WARN_UNDECLARED_SELECTOR = YES;
				GCC_WARN_UNINITIALIZED_AUTOS = YES_AGGRESSIVE;
				GCC_WARN_UNUSED_FUNCTION = YES;
				GCC_WARN_UNUSED_VARIABLE = YES;
				IPHONEOS_DEPLOYMENT_TARGET = 16.4;
				MTL_ENABLE_DEBUG_INFO = INCLUDE_SOURCE;
				MTL_FAST_MATH = YES;
				ONLY_ACTIVE_ARCH = YES;
				SDKROOT = iphoneos;
				SWIFT_ACTIVE_COMPILATION_CONDITIONS = DEBUG;
				SWIFT_OPTIMIZATION_LEVEL = "-Onone";
			};
			name = Debug;
		};
		1044FD4829E869DC00A34D0A /* Release */ = {
			isa = XCBuildConfiguration;
			buildSettings = {
				ALWAYS_SEARCH_USER_PATHS = NO;
				CLANG_ANALYZER_NONNULL = YES;
				CLANG_ANALYZER_NUMBER_OBJECT_CONVERSION = YES_AGGRESSIVE;
				CLANG_CXX_LANGUAGE_STANDARD = "gnu++20";
				CLANG_ENABLE_MODULES = YES;
				CLANG_ENABLE_OBJC_ARC = YES;
				CLANG_ENABLE_OBJC_WEAK = YES;
				CLANG_WARN_BLOCK_CAPTURE_AUTORELEASING = YES;
				CLANG_WARN_BOOL_CONVERSION = YES;
				CLANG_WARN_COMMA = YES;
				CLANG_WARN_CONSTANT_CONVERSION = YES;
				CLANG_WARN_DEPRECATED_OBJC_IMPLEMENTATIONS = YES;
				CLANG_WARN_DIRECT_OBJC_ISA_USAGE = YES_ERROR;
				CLANG_WARN_DOCUMENTATION_COMMENTS = YES;
				CLANG_WARN_EMPTY_BODY = YES;
				CLANG_WARN_ENUM_CONVERSION = YES;
				CLANG_WARN_INFINITE_RECURSION = YES;
				CLANG_WARN_INT_CONVERSION = YES;
				CLANG_WARN_NON_LITERAL_NULL_CONVERSION = YES;
				CLANG_WARN_OBJC_IMPLICIT_RETAIN_SELF = YES;
				CLANG_WARN_OBJC_LITERAL_CONVERSION = YES;
				CLANG_WARN_OBJC_ROOT_CLASS = YES_ERROR;
				CLANG_WARN_QUOTED_INCLUDE_IN_FRAMEWORK_HEADER = YES;
				CLANG_WARN_RANGE_LOOP_ANALYSIS = YES;
				CLANG_WARN_STRICT_PROTOTYPES = YES;
				CLANG_WARN_SUSPICIOUS_MOVE = YES;
				CLANG_WARN_UNGUARDED_AVAILABILITY = YES_AGGRESSIVE;
				CLANG_WARN_UNREACHABLE_CODE = YES;
				CLANG_WARN__DUPLICATE_METHOD_MATCH = YES;
				COPY_PHASE_STRIP = NO;
				DEBUG_INFORMATION_FORMAT = "dwarf-with-dsym";
				ENABLE_NS_ASSERTIONS = NO;
				ENABLE_STRICT_OBJC_MSGSEND = YES;
				GCC_C_LANGUAGE_STANDARD = gnu11;
				GCC_NO_COMMON_BLOCKS = YES;
				GCC_WARN_64_TO_32_BIT_CONVERSION = YES;
				GCC_WARN_ABOUT_RETURN_TYPE = YES_ERROR;
				GCC_WARN_UNDECLARED_SELECTOR = YES;
				GCC_WARN_UNINITIALIZED_AUTOS = YES_AGGRESSIVE;
				GCC_WARN_UNUSED_FUNCTION = YES;
				GCC_WARN_UNUSED_VARIABLE = YES;
				IPHONEOS_DEPLOYMENT_TARGET = 16.4;
				MTL_ENABLE_DEBUG_INFO = NO;
				MTL_FAST_MATH = YES;
				SDKROOT = iphoneos;
				SWIFT_COMPILATION_MODE = wholemodule;
				SWIFT_OPTIMIZATION_LEVEL = "-O";
				VALIDATE_PRODUCT = YES;
			};
			name = Release;
		};
		1044FD4A29E869DC00A34D0A /* Debug */ = {
			isa = XCBuildConfiguration;
			buildSettings = {
				ASSETCATALOG_COMPILER_APPICON_NAME = AppIcon;
				ASSETCATALOG_COMPILER_GLOBAL_ACCENT_COLOR_NAME = AccentColor;
				CODE_SIGN_STYLE = Automatic;
				CURRENT_PROJECT_VERSION = 1;
				DEVELOPMENT_ASSET_PATHS = "\"Bullseye/Preview Content\"";
				DEVELOPMENT_TEAM = JRGTZSQ5R3;
				ENABLE_PREVIEWS = YES;
				GENERATE_INFOPLIST_FILE = YES;
				INFOPLIST_KEY_UIApplicationSceneManifest_Generation = YES;
				INFOPLIST_KEY_UIApplicationSupportsIndirectInputEvents = YES;
				INFOPLIST_KEY_UILaunchScreen_Generation = YES;
				INFOPLIST_KEY_UISupportedInterfaceOrientations = UIInterfaceOrientationPortrait;
				INFOPLIST_KEY_UISupportedInterfaceOrientations_iPad = "UIInterfaceOrientationPortrait UIInterfaceOrientationPortraitUpsideDown";
				LD_RUNPATH_SEARCH_PATHS = (
					"$(inherited)",
					"@executable_path/Frameworks",
				);
				MARKETING_VERSION = 1.0;
				PRODUCT_BUNDLE_IDENTIFIER = com.samarthpaboowal.Bullseye;
				PRODUCT_NAME = "$(TARGET_NAME)";
				SWIFT_EMIT_LOC_STRINGS = YES;
				SWIFT_VERSION = 5.0;
				TARGETED_DEVICE_FAMILY = "1,2";
			};
			name = Debug;
		};
		1044FD4B29E869DC00A34D0A /* Release */ = {
			isa = XCBuildConfiguration;
			buildSettings = {
				ASSETCATALOG_COMPILER_APPICON_NAME = AppIcon;
				ASSETCATALOG_COMPILER_GLOBAL_ACCENT_COLOR_NAME = AccentColor;
				CODE_SIGN_STYLE = Automatic;
				CURRENT_PROJECT_VERSION = 1;
				DEVELOPMENT_ASSET_PATHS = "\"Bullseye/Preview Content\"";
				DEVELOPMENT_TEAM = JRGTZSQ5R3;
				ENABLE_PREVIEWS = YES;
				GENERATE_INFOPLIST_FILE = YES;
				INFOPLIST_KEY_UIApplicationSceneManifest_Generation = YES;
				INFOPLIST_KEY_UIApplicationSupportsIndirectInputEvents = YES;
				INFOPLIST_KEY_UILaunchScreen_Generation = YES;
				INFOPLIST_KEY_UISupportedInterfaceOrientations = UIInterfaceOrientationPortrait;
				INFOPLIST_KEY_UISupportedInterfaceOrientations_iPad = "UIInterfaceOrientationPortrait UIInterfaceOrientationPortraitUpsideDown";
				LD_RUNPATH_SEARCH_PATHS = (
					"$(inherited)",
					"@executable_path/Frameworks",
				);
				MARKETING_VERSION = 1.0;
				PRODUCT_BUNDLE_IDENTIFIER = com.samarthpaboowal.Bullseye;
				PRODUCT_NAME = "$(TARGET_NAME)";
				SWIFT_EMIT_LOC_STRINGS = YES;
				SWIFT_VERSION = 5.0;
				TARGETED_DEVICE_FAMILY = "1,2";
			};
			name = Release;
		};
		1044FD4D29E869DC00A34D0A /* Debug */ = {
			isa = XCBuildConfiguration;
			buildSettings = {
				ALWAYS_EMBED_SWIFT_STANDARD_LIBRARIES = YES;
				BUNDLE_LOADER = "$(TEST_HOST)";
				CODE_SIGN_STYLE = Automatic;
				CURRENT_PROJECT_VERSION = 1;
				DEVELOPMENT_TEAM = JRGTZSQ5R3;
				GENERATE_INFOPLIST_FILE = YES;
				IPHONEOS_DEPLOYMENT_TARGET = 16.4;
				MARKETING_VERSION = 1.0;
				PRODUCT_BUNDLE_IDENTIFIER = com.samarthpaboowal.BullseyeTests;
				PRODUCT_NAME = "$(TARGET_NAME)";
				SWIFT_EMIT_LOC_STRINGS = NO;
				SWIFT_VERSION = 5.0;
				TARGETED_DEVICE_FAMILY = "1,2";
				TEST_HOST = "$(BUILT_PRODUCTS_DIR)/Bullseye.app/$(BUNDLE_EXECUTABLE_FOLDER_PATH)/Bullseye";
			};
			name = Debug;
		};
		1044FD4E29E869DC00A34D0A /* Release */ = {
			isa = XCBuildConfiguration;
			buildSettings = {
				ALWAYS_EMBED_SWIFT_STANDARD_LIBRARIES = YES;
				BUNDLE_LOADER = "$(TEST_HOST)";
				CODE_SIGN_STYLE = Automatic;
				CURRENT_PROJECT_VERSION = 1;
				DEVELOPMENT_TEAM = JRGTZSQ5R3;
				GENERATE_INFOPLIST_FILE = YES;
				IPHONEOS_DEPLOYMENT_TARGET = 16.4;
				MARKETING_VERSION = 1.0;
				PRODUCT_BUNDLE_IDENTIFIER = com.samarthpaboowal.BullseyeTests;
				PRODUCT_NAME = "$(TARGET_NAME)";
				SWIFT_EMIT_LOC_STRINGS = NO;
				SWIFT_VERSION = 5.0;
				TARGETED_DEVICE_FAMILY = "1,2";
				TEST_HOST = "$(BUILT_PRODUCTS_DIR)/Bullseye.app/$(BUNDLE_EXECUTABLE_FOLDER_PATH)/Bullseye";
			};
			name = Release;
		};
		1044FD5029E869DC00A34D0A /* Debug */ = {
			isa = XCBuildConfiguration;
			buildSettings = {
				ALWAYS_EMBED_SWIFT_STANDARD_LIBRARIES = YES;
				CODE_SIGN_STYLE = Automatic;
				CURRENT_PROJECT_VERSION = 1;
				DEVELOPMENT_TEAM = JRGTZSQ5R3;
				GENERATE_INFOPLIST_FILE = YES;
				MARKETING_VERSION = 1.0;
				PRODUCT_BUNDLE_IDENTIFIER = com.samarthpaboowal.BullseyeUITests;
				PRODUCT_NAME = "$(TARGET_NAME)";
				SWIFT_EMIT_LOC_STRINGS = NO;
				SWIFT_VERSION = 5.0;
				TARGETED_DEVICE_FAMILY = "1,2";
				TEST_TARGET_NAME = Bullseye;
			};
			name = Debug;
		};
		1044FD5129E869DC00A34D0A /* Release */ = {
			isa = XCBuildConfiguration;
			buildSettings = {
				ALWAYS_EMBED_SWIFT_STANDARD_LIBRARIES = YES;
				CODE_SIGN_STYLE = Automatic;
				CURRENT_PROJECT_VERSION = 1;
				DEVELOPMENT_TEAM = JRGTZSQ5R3;
				GENERATE_INFOPLIST_FILE = YES;
				MARKETING_VERSION = 1.0;
				PRODUCT_BUNDLE_IDENTIFIER = com.samarthpaboowal.BullseyeUITests;
				PRODUCT_NAME = "$(TARGET_NAME)";
				SWIFT_EMIT_LOC_STRINGS = NO;
				SWIFT_VERSION = 5.0;
				TARGETED_DEVICE_FAMILY = "1,2";
				TEST_TARGET_NAME = Bullseye;
			};
			name = Release;
		};
/* End XCBuildConfiguration section */

/* Begin XCConfigurationList section */
		1044FD2029E869DB00A34D0A /* Build configuration list for PBXProject "Bullseye" */ = {
			isa = XCConfigurationList;
			buildConfigurations = (
				1044FD4729E869DC00A34D0A /* Debug */,
				1044FD4829E869DC00A34D0A /* Release */,
			);
			defaultConfigurationIsVisible = 0;
			defaultConfigurationName = Release;
		};
		1044FD4929E869DC00A34D0A /* Build configuration list for PBXNativeTarget "Bullseye" */ = {
			isa = XCConfigurationList;
			buildConfigurations = (
				1044FD4A29E869DC00A34D0A /* Debug */,
				1044FD4B29E869DC00A34D0A /* Release */,
			);
			defaultConfigurationIsVisible = 0;
			defaultConfigurationName = Release;
		};
		1044FD4C29E869DC00A34D0A /* Build configuration list for PBXNativeTarget "BullseyeTests" */ = {
			isa = XCConfigurationList;
			buildConfigurations = (
				1044FD4D29E869DC00A34D0A /* Debug */,
				1044FD4E29E869DC00A34D0A /* Release */,
			);
			defaultConfigurationIsVisible = 0;
			defaultConfigurationName = Release;
		};
		1044FD4F29E869DC00A34D0A /* Build configuration list for PBXNativeTarget "BullseyeUITests" */ = {
			isa = XCConfigurationList;
			buildConfigurations = (
				1044FD5029E869DC00A34D0A /* Debug */,
				1044FD5129E869DC00A34D0A /* Release */,
			);
			defaultConfigurationIsVisible = 0;
			defaultConfigurationName = Release;
		};
/* End XCConfigurationList section */
	};
	rootObject = 1044FD1D29E869DB00A34D0A /* Project object */;
}
